
Microsoft Visual Studio Solution File, Format Version 12.00
# Visual Studio Version 16
VisualStudioVersion = 16.0.30225.117
MinimumVisualStudioVersion = 10.0.40219.1
Project("{FAE04EC0-301F-11D3-BF4B-00C04F79EFBC}") = "Lab02Soru01", "Lab02Soru01\Lab02Soru01.csproj", "{C3272C1E-14B5-4BFF-9AD2-4853AB79A29B}"
EndProject
Project("{FAE04EC0-301F-11D3-BF4B-00C04F79EFBC}") = "Lab02Soru02", "Lab02Soru02\Lab02Soru02.csproj", "{4E419656-EB2D-4076-B5C3-41C5C2CDB57E}"
EndProject
Global
	GlobalSection(SolutionConfigurationPlatforms) = preSolution
		Debug|Any CPU = Debug|Any CPU
		Release|Any CPU = Release|Any CPU
	EndGlobalSection
	GlobalSection(ProjectConfigurationPlatforms) = postSolution
		{C3272C1E-14B5-4BFF-9AD2-4853AB79A29B}.Debug|Any CPU.ActiveCfg = Debug|Any CPU
		{C3272C1E-14B5-4BFF-9AD2-4853AB79A29B}.Debug|Any CPU.Build.0 = Debug|Any CPU
		{C3272C1E-14B5-4BFF-9AD2-4853AB79A29B}.Release|Any CPU.ActiveCfg = Release|Any CPU
		{C3272C1E-14B5-4BFF-9AD2-4853AB79A29B}.Release|Any CPU.Build.0 = Release|Any CPU
		{4E419656-EB2D-4076-B5C3-41C5C2CDB57E}.Debug|Any CPU.ActiveCfg = Debug|Any CPU
		{4E419656-EB2D-4076-B5C3-41C5C2CDB57E}.Debug|Any CPU.Build.0 = Debug|Any CPU
		{4E419656-EB2D-4076-B5C3-41C5C2CDB57E}.Release|Any CPU.ActiveCfg = Release|Any CPU
		{4E419656-EB2D-4076-B5C3-41C5C2CDB57E}.Release|Any CPU.Build.0 = Release|Any CPU
	EndGlobalSection
	GlobalSection(SolutionProperties) = preSolution
		HideSolutionNode = FALSE
	EndGlobalSection
	GlobalSection(ExtensibilityGlobals) = postSolution
		SolutionGuid = {7E36F2FB-4159-4019-8CC6-10447C0DF9B8}
	EndGlobalSection
EndGlobal
